
Microsoft Visual Studio Solution File, Format Version 12.00
# Visual Studio 15
Project("{FAE04EC0-301F-11D3-BF4B-00C04F79EFBC}") = "Assembly-CSharp", "Assembly-CSharp.csproj", "{FF604A35-D05E-5AD6-0F54-46A164367F63}"
EndProject
Project("{FAE04EC0-301F-11D3-BF4B-00C04F79EFBC}") = "Assembly-CSharp-Editor", "Assembly-CSharp-Editor.csproj", "{E951A8A6-387D-0299-EAA1-91BE5071DF0C}"
EndProject
Global
	GlobalSection(SolutionConfigurationPlatforms) = preSolution
		Debug|Any CPU = Debug|Any CPU
		Release|Any CPU = Release|Any CPU
	EndGlobalSection
	GlobalSection(ProjectConfigurationPlatforms) = postSolution
		{FF604A35-D05E-5AD6-0F54-46A164367F63}.Debug|Any CPU.ActiveCfg = Debug|Any CPU
		{FF604A35-D05E-5AD6-0F54-46A164367F63}.Debug|Any CPU.Build.0 = Debug|Any CPU
		{FF604A35-D05E-5AD6-0F54-46A164367F63}.Release|Any CPU.ActiveCfg = Release|Any CPU
		{FF604A35-D05E-5AD6-0F54-46A164367F63}.Release|Any CPU.Build.0 = Release|Any CPU
		{E951A8A6-387D-0299-EAA1-91BE5071DF0C}.Debug|Any CPU.ActiveCfg = Debug|Any CPU
		{E951A8A6-387D-0299-EAA1-91BE5071DF0C}.Debug|Any CPU.Build.0 = Debug|Any CPU
		{E951A8A6-387D-0299-EAA1-91BE5071DF0C}.Release|Any CPU.ActiveCfg = Release|Any CPU
		{E951A8A6-387D-0299-EAA1-91BE5071DF0C}.Release|Any CPU.Build.0 = Release|Any CPU
	EndGlobalSection
	GlobalSection(SolutionProperties) = preSolution
		HideSolutionNode = FALSE
	EndGlobalSection
EndGlobal
